
Microsoft Visual Studio Solution File, Format Version 12.00
# Visual Studio Version 17
VisualStudioVersion = 17.9.34714.143
MinimumVisualStudioVersion = 10.0.40219.1
Project("{2150E333-8FDC-42A3-9474-1A3956D46DE8}") = "1. Core", "1. Core", "{FD1370CA-D974-4960-96F7-78E343F1BA32}"
EndProject
Project("{2150E333-8FDC-42A3-9474-1A3956D46DE8}") = "2. Services", "2. Services", "{354C1F76-40DC-4CEE-9837-5459E475EED0}"
EndProject
Project("{2150E333-8FDC-42A3-9474-1A3956D46DE8}") = "3. Persistence", "3. Persistence", "{9C92D698-A8E5-42AE-BB85-93C1539096EF}"
EndProject
Project("{2150E333-8FDC-42A3-9474-1A3956D46DE8}") = "4. Infrastructure", "4. Infrastructure", "{C9580D6C-0EFF-4969-A8F2-197CCAC147D9}"
EndProject
Project("{2150E333-8FDC-42A3-9474-1A3956D46DE8}") = "5. API", "5. API", "{FE78FF89-8D62-4C52-9C7C-E9DF22307EDC}"
EndProject
Project("{2150E333-8FDC-42A3-9474-1A3956D46DE8}") = "6. Tests", "6. Tests", "{2CFF9151-5DCC-4B81-93C1-D9451B874E54}"
EndProject
Project("{FAE04EC0-301F-11D3-BF4B-00C04F79EFBC}") = "Core.Entities", "Core.Entities\Core.Entities.csproj", "{91C4A4D1-7CA9-4922-84C9-7DEC81667446}"
EndProject
Project("{FAE04EC0-301F-11D3-BF4B-00C04F79EFBC}") = "Core.Interfaces", "Core.Interfaces\Core.Interfaces.csproj", "{BA15E7BA-C6FB-479E-A057-AE0B57FBD559}"
EndProject
Project("{FAE04EC0-301F-11D3-BF4B-00C04F79EFBC}") = "Core", "Core\Core.csproj", "{832FA26F-8657-4DEE-AAF5-C756BC106758}"
EndProject
Project("{FAE04EC0-301F-11D3-BF4B-00C04F79EFBC}") = "Services", "Services\Services.csproj", "{8D5B1DF0-FD44-4911-901C-0A4C2646F0E9}"
EndProject
Project("{FAE04EC0-301F-11D3-BF4B-00C04F79EFBC}") = "Services.Interfaces", "Services.Interfaces\Services.Interfaces.csproj", "{EA56E3FD-BAF0-48C1-8BA6-EB544B8D17AE}"
EndProject
Project("{FAE04EC0-301F-11D3-BF4B-00C04F79EFBC}") = "Persistence.Data", "Persistence.Data\Persistence.Data.csproj", "{F25F5DAB-6FDB-4B94-A643-DAF3FB417C59}"
EndProject
Project("{FAE04EC0-301F-11D3-BF4B-00C04F79EFBC}") = "Infrastructure.Services", "Infrastructure.Services\Infrastructure.Services.csproj", "{0CD065CD-9E77-44F7-B322-9E521AF36CDE}"
EndProject
Project("{FAE04EC0-301F-11D3-BF4B-00C04F79EFBC}") = "Infrastructure.Common", "Infrastructure.Common\Infrastructure.Common.csproj", "{C7BE57AD-7E84-4C25-91C0-03C913BB9FD1}"
EndProject
Project("{FAE04EC0-301F-11D3-BF4B-00C04F79EFBC}") = "WebAPI", "WebAPI\WebAPI.csproj", "{862EAD1B-571D-460C-A4D4-F2B4DE8D1DF2}"
EndProject
Global
	GlobalSection(SolutionConfigurationPlatforms) = preSolution
		Debug|Any CPU = Debug|Any CPU
		Release|Any CPU = Release|Any CPU
	EndGlobalSection
	GlobalSection(ProjectConfigurationPlatforms) = postSolution
		{91C4A4D1-7CA9-4922-84C9-7DEC81667446}.Debug|Any CPU.ActiveCfg = Debug|Any CPU
		{91C4A4D1-7CA9-4922-84C9-7DEC81667446}.Debug|Any CPU.Build.0 = Debug|Any CPU
		{91C4A4D1-7CA9-4922-84C9-7DEC81667446}.Release|Any CPU.ActiveCfg = Release|Any CPU
		{91C4A4D1-7CA9-4922-84C9-7DEC81667446}.Release|Any CPU.Build.0 = Release|Any CPU
		{BA15E7BA-C6FB-479E-A057-AE0B57FBD559}.Debug|Any CPU.ActiveCfg = Debug|Any CPU
		{BA15E7BA-C6FB-479E-A057-AE0B57FBD559}.Debug|Any CPU.Build.0 = Debug|Any CPU
		{BA15E7BA-C6FB-479E-A057-AE0B57FBD559}.Release|Any CPU.ActiveCfg = Release|Any CPU
		{BA15E7BA-C6FB-479E-A057-AE0B57FBD559}.Release|Any CPU.Build.0 = Release|Any CPU
		{832FA26F-8657-4DEE-AAF5-C756BC106758}.Debug|Any CPU.ActiveCfg = Debug|Any CPU
		{832FA26F-8657-4DEE-AAF5-C756BC106758}.Debug|Any CPU.Build.0 = Debug|Any CPU
		{832FA26F-8657-4DEE-AAF5-C756BC106758}.Release|Any CPU.ActiveCfg = Release|Any CPU
		{832FA26F-8657-4DEE-AAF5-C756BC106758}.Release|Any CPU.Build.0 = Release|Any CPU
		{8D5B1DF0-FD44-4911-901C-0A4C2646F0E9}.Debug|Any CPU.ActiveCfg = Debug|Any CPU
		{8D5B1DF0-FD44-4911-901C-0A4C2646F0E9}.Debug|Any CPU.Build.0 = Debug|Any CPU
		{8D5B1DF0-FD44-4911-901C-0A4C2646F0E9}.Release|Any CPU.ActiveCfg = Release|Any CPU
		{8D5B1DF0-FD44-4911-901C-0A4C2646F0E9}.Release|Any CPU.Build.0 = Release|Any CPU
		{EA56E3FD-BAF0-48C1-8BA6-EB544B8D17AE}.Debug|Any CPU.ActiveCfg = Debug|Any CPU
		{EA56E3FD-BAF0-48C1-8BA6-EB544B8D17AE}.Debug|Any CPU.Build.0 = Debug|Any CPU
		{EA56E3FD-BAF0-48C1-8BA6-EB544B8D17AE}.Release|Any CPU.ActiveCfg = Release|Any CPU
		{EA56E3FD-BAF0-48C1-8BA6-EB544B8D17AE}.Release|Any CPU.Build.0 = Release|Any CPU
		{F25F5DAB-6FDB-4B94-A643-DAF3FB417C59}.Debug|Any CPU.ActiveCfg = Debug|Any CPU
		{F25F5DAB-6FDB-4B94-A643-DAF3FB417C59}.Debug|Any CPU.Build.0 = Debug|Any CPU
		{F25F5DAB-6FDB-4B94-A643-DAF3FB417C59}.Release|Any CPU.ActiveCfg = Release|Any CPU
		{F25F5DAB-6FDB-4B94-A643-DAF3FB417C59}.Release|Any CPU.Build.0 = Release|Any CPU
		{0CD065CD-9E77-44F7-B322-9E521AF36CDE}.Debug|Any CPU.ActiveCfg = Debug|Any CPU
		{0CD065CD-9E77-44F7-B322-9E521AF36CDE}.Debug|Any CPU.Build.0 = Debug|Any CPU
		{0CD065CD-9E77-44F7-B322-9E521AF36CDE}.Release|Any CPU.ActiveCfg = Release|Any CPU
		{0CD065CD-9E77-44F7-B322-9E521AF36CDE}.Release|Any CPU.Build.0 = Release|Any CPU
		{C7BE57AD-7E84-4C25-91C0-03C913BB9FD1}.Debug|Any CPU.ActiveCfg = Debug|Any CPU
		{C7BE57AD-7E84-4C25-91C0-03C913BB9FD1}.Debug|Any CPU.Build.0 = Debug|Any CPU
		{C7BE57AD-7E84-4C25-91C0-03C913BB9FD1}.Release|Any CPU.ActiveCfg = Release|Any CPU
		{C7BE57AD-7E84-4C25-91C0-03C913BB9FD1}.Release|Any CPU.Build.0 = Release|Any CPU
		{862EAD1B-571D-460C-A4D4-F2B4DE8D1DF2}.Debug|Any CPU.ActiveCfg = Debug|Any CPU
		{862EAD1B-571D-460C-A4D4-F2B4DE8D1DF2}.Debug|Any CPU.Build.0 = Debug|Any CPU
		{862EAD1B-571D-460C-A4D4-F2B4DE8D1DF2}.Release|Any CPU.ActiveCfg = Release|Any CPU
		{862EAD1B-571D-460C-A4D4-F2B4DE8D1DF2}.Release|Any CPU.Build.0 = Release|Any CPU
	EndGlobalSection
	GlobalSection(SolutionProperties) = preSolution
		HideSolutionNode = FALSE
	EndGlobalSection
	GlobalSection(NestedProjects) = preSolution
		{91C4A4D1-7CA9-4922-84C9-7DEC81667446} = {FD1370CA-D974-4960-96F7-78E343F1BA32}
		{BA15E7BA-C6FB-479E-A057-AE0B57FBD559} = {FD1370CA-D974-4960-96F7-78E343F1BA32}
		{832FA26F-8657-4DEE-AAF5-C756BC106758} = {FD1370CA-D974-4960-96F7-78E343F1BA32}
		{8D5B1DF0-FD44-4911-901C-0A4C2646F0E9} = {354C1F76-40DC-4CEE-9837-5459E475EED0}
		{EA56E3FD-BAF0-48C1-8BA6-EB544B8D17AE} = {354C1F76-40DC-4CEE-9837-5459E475EED0}
		{F25F5DAB-6FDB-4B94-A643-DAF3FB417C59} = {9C92D698-A8E5-42AE-BB85-93C1539096EF}
		{0CD065CD-9E77-44F7-B322-9E521AF36CDE} = {C9580D6C-0EFF-4969-A8F2-197CCAC147D9}
		{C7BE57AD-7E84-4C25-91C0-03C913BB9FD1} = {C9580D6C-0EFF-4969-A8F2-197CCAC147D9}
		{862EAD1B-571D-460C-A4D4-F2B4DE8D1DF2} = {FE78FF89-8D62-4C52-9C7C-E9DF22307EDC}
	EndGlobalSection
	GlobalSection(ExtensibilityGlobals) = postSolution
		SolutionGuid = {9F151A77-E526-4DD1-A85C-5E94657D3A8B}
	EndGlobalSection
EndGlobal
